<?xml version="1.0" encoding="utf-8"?>
<Project ToolsVersion="4.0" xmlns="http://schemas.microsoft.com/developer/msbuild/2003">
  <ItemGroup>
    <Filter Include="소스 파일">
      <UniqueIdentifier>{4FC737F1-C7A5-4376-A066-2A32D752A2FF}</UniqueIdentifier>
      <Extensions>cpp;c;cc;cxx;def;odl;idl;hpj;bat;asm;asmx</Extensions>
    </Filter>
    <Filter Include="헤더 파일">
      <UniqueIdentifier>{93995380-89BD-4b04-88EB-625FBE52EBFB}</UniqueIdentifier>
      <Extensions>h;hh;hpp;hxx;hm;inl;inc;ipp;xsd</Extensions>
    </Filter>
    <Filter Include="리소스 파일">
      <UniqueIdentifier>{67DA6AB6-F800-4c08-8B7A-83BB121AAD01}</UniqueIdentifier>
      <Extensions>rc;ico;cur;bmp;dlg;rc2;rct;bin;rgs;gif;jpg;jpeg;jpe;resx;tiff;tif;png;wav;mfcribbon-ms</Extensions>
    </Filter>
    <Filter Include="소스 파일\DFS">
      <UniqueIdentifier>{a9d66624-f6bd-48e0-a112-9d903fe2f58c}</UniqueIdentifier>
    </Filter>
    <Filter Include="소스 파일\BFS">
      <UniqueIdentifier>{492d46e7-826f-41a3-99d6-79b021cd2ab3}</UniqueIdentifier>
    </Filter>
    <Filter Include="소스 파일\DP">
      <UniqueIdentifier>{deaa99a4-f1d1-4987-9853-2258d8fc35ac}</UniqueIdentifier>
    </Filter>
    <Filter Include="소스 파일\시뮬">
      <UniqueIdentifier>{60432c7c-61c0-4514-bdb5-f2273979c1a2}</UniqueIdentifier>
    </Filter>
    <Filter Include="소스 파일\Brute-Force">
      <UniqueIdentifier>{29fa4c1a-662a-48b4-91ff-e14039050c81}</UniqueIdentifier>
    </Filter>
  </ItemGroup>
  <ItemGroup>
    <ClCompile Include="봄버맨[16918]%282%29.cpp">
      <Filter>소스 파일\시뮬</Filter>
    </ClCompile>
    <ClCompile Include="봄버맨[16918[%281%29.cpp">
      <Filter>소스 파일\시뮬</Filter>
    </ClCompile>
    <ClCompile Include="파이프 옮기기[17070]%281%29.cpp">
      <Filter>소스 파일\DFS</Filter>
    </ClCompile>
    <ClCompile Include="파이프 옮기기[17070]%282%29.cpp">
      <Filter>소스 파일\DFS</Filter>
    </ClCompile>
    <ClCompile Include="파이프 옮기기2[17069].cpp">
      <Filter>소스 파일\DP</Filter>
    </ClCompile>
    <ClCompile Include="..\..\today_sol\괄호 추가하기\괄호 추가하기[16637].cpp">
      <Filter>소스 파일\DFS</Filter>
    </ClCompile>
    <ClCompile Include="괄호 추가하기2[16638].cpp">
      <Filter>소스 파일\DFS</Filter>
    </ClCompile>
    <ClCompile Include="미세먼지 안녕[17144].cpp">
      <Filter>소스 파일\시뮬</Filter>
    </ClCompile>
    <ClCompile Include="낚시왕[17143].cpp">
      <Filter>소스 파일\시뮬</Filter>
    </ClCompile>
    <ClCompile Include="괄호 추가하기3.cpp">
      <Filter>소스 파일\DFS</Filter>
    </ClCompile>
    <ClCompile Include="장군[16509].cpp">
      <Filter>소스 파일\BFS</Filter>
    </ClCompile>
    <ClCompile Include="색종이 붙이기[17136]%281%29.cpp">
      <Filter>소스 파일\DFS</Filter>
    </ClCompile>
    <ClCompile Include="색종이 붙이기[17136]%282%29.cpp">
      <Filter>소스 파일\DFS</Filter>
    </ClCompile>
    <ClCompile Include="치즈[2638].cpp">
      <Filter>소스 파일\BFS</Filter>
    </ClCompile>
    <ClCompile Include="말이 되고픈 원숭이[1600].cpp">
      <Filter>소스 파일\BFS</Filter>
    </ClCompile>
    <ClCompile Include="달이 차오른다, 가자[1194].cpp">
      <Filter>소스 파일\BFS</Filter>
    </ClCompile>
    <ClCompile Include="열쇠[9328]%281%29.cpp">
      <Filter>소스 파일\BFS</Filter>
    </ClCompile>
    <ClCompile Include="열쇠[9328](2).cpp">
      <Filter>소스 파일\BFS</Filter>
    </ClCompile>
    <ClCompile Include="보이저 1호.cpp">
      <Filter>소스 파일\시뮬</Filter>
    </ClCompile>
    <ClCompile Include="퍼즐[2525](2).cpp">
      <Filter>소스 파일\BFS</Filter>
    </ClCompile>
    <ClCompile Include="퍼즐[1525]%281%29.cpp">
      <Filter>소스 파일\BFS</Filter>
    </ClCompile>
    <ClCompile Include="보이저 1호[3987](2).cpp">
      <Filter>소스 파일\시뮬</Filter>
    </ClCompile>
    <ClCompile Include="로봇[1726].cpp">
      <Filter>소스 파일\BFS</Filter>
    </ClCompile>
    <ClCompile Include="..\..\..\..\..\..\source\repos\SW\SW\DSLR[9019](1).cpp">
      <Filter>소스 파일\BFS</Filter>
    </ClCompile>
    <ClCompile Include="..\..\..\..\..\..\source\repos\SW\SW\DSLR[9019](2).cpp">
      <Filter>소스 파일\BFS</Filter>
    </ClCompile>
    <ClCompile Include="통나무 옮기기[1938](1).cpp">
      <Filter>소스 파일\BFS</Filter>
    </ClCompile>
    <ClCompile Include="레이저 통신[6087](1).cpp">
      <Filter>소스 파일\BFS</Filter>
    </ClCompile>
    <ClCompile Include="..\..\..\..\..\..\source\repos\SW\SW\안전 영역[2468](1).cpp">
      <Filter>소스 파일\BFS</Filter>
    </ClCompile>
    <ClCompile Include="..\..\..\..\..\..\source\repos\SW\SW\안전 영역[2468](2).cpp">
      <Filter>소스 파일\BFS</Filter>
    </ClCompile>
    <ClCompile Include="레이저 통신[6087](2).cpp">
      <Filter>소스 파일\BFS</Filter>
    </ClCompile>
    <ClCompile Include="레이저 통신[6087](3).cpp">
      <Filter>소스 파일\BFS</Filter>
    </ClCompile>
    <ClCompile Include="레이저 통신[6087](4).cpp">
      <Filter>소스 파일\BFS</Filter>
    </ClCompile>
    <ClCompile Include="분해합[2231].cpp">
      <Filter>소스 파일\Brute-Force</Filter>
    </ClCompile>
    <ClCompile Include="거울설치[2151].cpp">
      <Filter>소스 파일\BFS</Filter>
    </ClCompile>
    <ClCompile Include="벽 부수고 이동하기4[16946]%281%29.cpp">
      <Filter>소스 파일\BFS</Filter>
    </ClCompile>
    <ClCompile Include="벽 부수고 이동하기4[16946](2).cpp">
      <Filter>소스 파일\BFS</Filter>
    </ClCompile>
    <ClCompile Include="로봇 시뮬레이션[2174].cpp">
      <Filter>소스 파일\시뮬</Filter>
    </ClCompile>
    <ClCompile Include="부등호[2529]%281%29.cpp">
      <Filter>소스 파일\Brute-Force</Filter>
    </ClCompile>
    <ClCompile Include="부등호[2529](2).cpp">
      <Filter>소스 파일\Brute-Force</Filter>
    </ClCompile>
    <ClCompile Include="부등호[2529(3).cpp">
      <Filter>소스 파일\Brute-Force</Filter>
    </ClCompile>
    <ClCompile Include="일곱 난쟁이[2309].cpp">
      <Filter>소스 파일\Brute-Force</Filter>
    </ClCompile>
    <ClCompile Include="날짜 계산[1476]%282%29.cpp">
      <Filter>소스 파일\Brute-Force</Filter>
    </ClCompile>
    <ClCompile Include="날짜 계산[1476](1).cpp">
      <Filter>소스 파일\Brute-Force</Filter>
    </ClCompile>
    <ClCompile Include="테트로미노[14500](1).cpp">
      <Filter>소스 파일\Brute-Force</Filter>
    </ClCompile>
    <ClCompile Include="1,2,3 더하기[9095](1).cpp">
      <Filter>소스 파일\Brute-Force</Filter>
    </ClCompile>
    <ClCompile Include="1,2,3 더하기[9095](2).cpp">
      <Filter>소스 파일\Brute-Force</Filter>
    </ClCompile>
    <ClCompile Include="다음 순열[10972]%281%29.cpp">
      <Filter>소스 파일\Brute-Force</Filter>
    </ClCompile>
    <ClCompile Include="다음 순열[10972](2).cpp">
      <Filter>소스 파일\Brute-Force</Filter>
    </ClCompile>
    <ClCompile Include="로또[6603](1).cpp">
      <Filter>소스 파일\Brute-Force</Filter>
    </ClCompile>
    <ClCompile Include="로또[6603](2).cpp">
      <Filter>소스 파일\Brute-Force</Filter>
    </ClCompile>
    <ClCompile Include="모든 순열[10974].cpp">
      <Filter>소스 파일\Brute-Force</Filter>
    </ClCompile>
    <ClCompile Include="부분수열의 합[1182]%281%29.cpp">
      <Filter>소스 파일\Brute-Force</Filter>
    </ClCompile>
    <ClCompile Include="부분수열의 합[1182]%282%29.cpp">
      <Filter>소스 파일\Brute-Force</Filter>
    </ClCompile>
    <ClCompile Include="암호 만들기[1759]%281%29.cpp">
      <Filter>소스 파일\Brute-Force</Filter>
    </ClCompile>
    <ClCompile Include="암호 만들기[1759](2).cpp">
      <Filter>소스 파일\Brute-Force</Filter>
    </ClCompile>
    <ClCompile Include="연산자 끼워넣기[14888]%281%29.cpp">
      <Filter>소스 파일\Brute-Force</Filter>
    </ClCompile>
    <ClCompile Include="연산자 끼워넣기[14888](2).cpp">
      <Filter>소스 파일\Brute-Force</Filter>
    </ClCompile>
    <ClCompile Include="연산자 끼워넣기[14888](3).cpp">
      <Filter>소스 파일\Brute-Force</Filter>
    </ClCompile>
    <ClCompile Include="외판원 순회2[10971]%281%29.cpp">
      <Filter>소스 파일\Brute-Force</Filter>
    </ClCompile>
    <ClCompile Include="외판원 순회2[10971]%282%29.cpp">
      <Filter>소스 파일\Brute-Force</Filter>
    </ClCompile>
    <ClCompile Include="이전 순열[10973](2).cpp">
      <Filter>소스 파일\Brute-Force</Filter>
    </ClCompile>
    <ClCompile Include="집합[11723].cpp">
      <Filter>소스 파일\Brute-Force</Filter>
    </ClCompile>
    <ClCompile Include="차이를 최대로[10819].cpp">
      <Filter>소스 파일\Brute-Force</Filter>
    </ClCompile>
    <ClCompile Include="테트로미노[14500](2).cpp">
      <Filter>소스 파일\Brute-Force</Filter>
    </ClCompile>
    <ClCompile Include="테트로미노[14500](3).cpp">
      <Filter>소스 파일\Brute-Force</Filter>
    </ClCompile>
    <ClCompile Include="퇴사[14501](1).cpp">
      <Filter>소스 파일\Brute-Force</Filter>
    </ClCompile>
    <ClCompile Include="퇴사[14501](2).cpp">
      <Filter>소스 파일\DP</Filter>
    </ClCompile>
    <ClCompile Include="이전 순열[10973]%281%29.cpp">
      <Filter>소스 파일\Brute-Force</Filter>
    </ClCompile>
    <ClCompile Include="N과 M%281%29[15649].cpp">
      <Filter>소스 파일\Brute-Force</Filter>
    </ClCompile>
    <ClCompile Include="N과 M%282%29[15650]%282%29.cpp">
      <Filter>소스 파일\Brute-Force</Filter>
    </ClCompile>
    <ClCompile Include="N과 M(2)[15650](1).cpp">
      <Filter>소스 파일\Brute-Force</Filter>
    </ClCompile>
    <ClCompile Include="N과 M(3)[15651].cpp">
      <Filter>소스 파일\Brute-Force</Filter>
    </ClCompile>
    <ClCompile Include="N과 M(4)[15652](2).cpp">
      <Filter>소스 파일\Brute-Force</Filter>
    </ClCompile>
    <ClCompile Include="N과 M%284%29[15652]%281%29.cpp">
      <Filter>소스 파일\Brute-Force</Filter>
    </ClCompile>
    <ClCompile Include="N과 M%285%29[15654].cpp">
      <Filter>소스 파일\Brute-Force</Filter>
    </ClCompile>
    <ClCompile Include="N과 M%286%29[15655]%281%29.cpp">
      <Filter>소스 파일\Brute-Force</Filter>
    </ClCompile>
    <ClCompile Include="N과 M%286%29[15655]%282%29.cpp">
      <Filter>소스 파일\Brute-Force</Filter>
    </ClCompile>
    <ClCompile Include="N과 M(7)[15656].cpp">
      <Filter>소스 파일\Brute-Force</Filter>
    </ClCompile>
    <ClCompile Include="N과 M(8)[15657](1).cpp">
      <Filter>소스 파일\Brute-Force</Filter>
    </ClCompile>
    <ClCompile Include="N과 M%288%29[15657]%282%29.cpp">
      <Filter>소스 파일\Brute-Force</Filter>
    </ClCompile>
    <ClCompile Include="N과 M%289%29[15663]%281%29.cpp">
      <Filter>소스 파일\Brute-Force</Filter>
    </ClCompile>
    <ClCompile Include="N과 M(9)[15663](2).cpp">
      <Filter>소스 파일\Brute-Force</Filter>
    </ClCompile>
    <ClCompile Include="N과 M(10)[15664].cpp">
      <Filter>소스 파일\Brute-Force</Filter>
    </ClCompile>
    <ClCompile Include="N과 M%2811%29[15665].cpp">
      <Filter>소스 파일\Brute-Force</Filter>
    </ClCompile>
    <ClCompile Include="N과 M(12)[15666].cpp">
      <Filter>소스 파일\Brute-Force</Filter>
    </ClCompile>
  </ItemGroup>
</Project>